
Microsoft Visual Studio Solution File, Format Version 12.00
# Visual Studio Version 17
VisualStudioVersion = 17.5.002.0
MinimumVisualStudioVersion = 10.0.40219.1
Project("{9A19103F-16F7-4668-BE54-9A1E7A4F7556}") = "Oppgave 1", "Oppgave 1.csproj", "{7ABE6810-826B-479F-B4E3-6F8C69AD4BBE}"
EndProject
Global
	GlobalSection(SolutionConfigurationPlatforms) = preSolution
		Debug|Any CPU = Debug|Any CPU
		Release|Any CPU = Release|Any CPU
	EndGlobalSection
	GlobalSection(ProjectConfigurationPlatforms) = postSolution
		{7ABE6810-826B-479F-B4E3-6F8C69AD4BBE}.Debug|Any CPU.ActiveCfg = Debug|Any CPU
		{7ABE6810-826B-479F-B4E3-6F8C69AD4BBE}.Debug|Any CPU.Build.0 = Debug|Any CPU
		{7ABE6810-826B-479F-B4E3-6F8C69AD4BBE}.Release|Any CPU.ActiveCfg = Release|Any CPU
		{7ABE6810-826B-479F-B4E3-6F8C69AD4BBE}.Release|Any CPU.Build.0 = Release|Any CPU
	EndGlobalSection
	GlobalSection(SolutionProperties) = preSolution
		HideSolutionNode = FALSE
	EndGlobalSection
	GlobalSection(ExtensibilityGlobals) = postSolution
		SolutionGuid = {BBA77599-2067-4867-8F8B-5E646B53CCE3}
	EndGlobalSection
EndGlobal
